
Microsoft Visual Studio Solution File, Format Version 12.00
Project("{FAE04EC0-301F-11D3-BF4B-00C04F79EFBC}") = "HospitalManagement", "HospitalManagement.csproj", "{7A63A7A4-8940-41E0-8C58-E30A50B4376B}"
EndProject
Global
	GlobalSection(SolutionConfigurationPlatforms) = preSolution
		Debug|Any CPU = Debug|Any CPU
		Release|Any CPU = Release|Any CPU
	EndGlobalSection
	GlobalSection(ProjectConfigurationPlatforms) = postSolution
		{7A63A7A4-8940-41E0-8C58-E30A50B4376B}.Debug|Any CPU.ActiveCfg = Debug|Any CPU
		{7A63A7A4-8940-41E0-8C58-E30A50B4376B}.Debug|Any CPU.Build.0 = Debug|Any CPU
		{7A63A7A4-8940-41E0-8C58-E30A50B4376B}.Release|Any CPU.ActiveCfg = Release|Any CPU
		{7A63A7A4-8940-41E0-8C58-E30A50B4376B}.Release|Any CPU.Build.0 = Release|Any CPU
	EndGlobalSection
EndGlobal
